
Microsoft Visual Studio Solution File, Format Version 12.00
# Visual Studio Version 17
VisualStudioVersion = 17.10.34928.147
MinimumVisualStudioVersion = 10.0.40219.1
Project("{9A19103F-16F7-4668-BE54-9A1E7A4F7556}") = "POC.DDD.Api", "src\POC.DDD.Api\POC.DDD.Api.csproj", "{68BD679C-1A8A-44B7-BC62-B6241C166739}"
EndProject
Project("{9A19103F-16F7-4668-BE54-9A1E7A4F7556}") = "POC.DDD.Application", "src\POC.DDD.Application\POC.DDD.Application.csproj", "{A7D2DDAA-99FF-4FD0-B57E-72BAB5064530}"
EndProject
Project("{9A19103F-16F7-4668-BE54-9A1E7A4F7556}") = "POC.DDD.Domain", "src\POC.DDD.Domain\POC.DDD.Domain.csproj", "{5166BBD6-05BB-4DAB-8B76-E68770493D0D}"
EndProject
Project("{9A19103F-16F7-4668-BE54-9A1E7A4F7556}") = "POC.DDD.Infra", "src\POC.DDD.Infra\POC.DDD.Infra.csproj", "{683A6394-06FF-40DB-927E-9B27579FEB80}"
EndProject
Project("{9A19103F-16F7-4668-BE54-9A1E7A4F7556}") = "POC.DDD.Shared", "src\POC.DDD.Shared\POC.DDD.Shared.csproj", "{3ABBFF4F-882D-47C5-83FA-C0ACD2FA306B}"
EndProject
Project("{FAE04EC0-301F-11D3-BF4B-00C04F79EFBC}") = "POC.DDD.Api.Models", "src\POC.DDD.Api.Models\POC.DDD.Api.Models.csproj", "{A8F04100-9908-42C8-AFB7-9B7B74C794E5}"
EndProject
Project("{FAE04EC0-301F-11D3-BF4B-00C04F79EFBC}") = "POC.DDD.Messages", "src\POC.DDD.Messages\POC.DDD.Messages.csproj", "{7A7CC672-5283-4823-925E-317DAEEC6BE8}"
EndProject
Global
	GlobalSection(SolutionConfigurationPlatforms) = preSolution
		Debug|Any CPU = Debug|Any CPU
		Release|Any CPU = Release|Any CPU
	EndGlobalSection
	GlobalSection(ProjectConfigurationPlatforms) = postSolution
		{68BD679C-1A8A-44B7-BC62-B6241C166739}.Debug|Any CPU.ActiveCfg = Debug|Any CPU
		{68BD679C-1A8A-44B7-BC62-B6241C166739}.Debug|Any CPU.Build.0 = Debug|Any CPU
		{68BD679C-1A8A-44B7-BC62-B6241C166739}.Release|Any CPU.ActiveCfg = Release|Any CPU
		{68BD679C-1A8A-44B7-BC62-B6241C166739}.Release|Any CPU.Build.0 = Release|Any CPU
		{A7D2DDAA-99FF-4FD0-B57E-72BAB5064530}.Debug|Any CPU.ActiveCfg = Debug|Any CPU
		{A7D2DDAA-99FF-4FD0-B57E-72BAB5064530}.Debug|Any CPU.Build.0 = Debug|Any CPU
		{A7D2DDAA-99FF-4FD0-B57E-72BAB5064530}.Release|Any CPU.ActiveCfg = Release|Any CPU
		{A7D2DDAA-99FF-4FD0-B57E-72BAB5064530}.Release|Any CPU.Build.0 = Release|Any CPU
		{5166BBD6-05BB-4DAB-8B76-E68770493D0D}.Debug|Any CPU.ActiveCfg = Debug|Any CPU
		{5166BBD6-05BB-4DAB-8B76-E68770493D0D}.Debug|Any CPU.Build.0 = Debug|Any CPU
		{5166BBD6-05BB-4DAB-8B76-E68770493D0D}.Release|Any CPU.ActiveCfg = Release|Any CPU
		{5166BBD6-05BB-4DAB-8B76-E68770493D0D}.Release|Any CPU.Build.0 = Release|Any CPU
		{683A6394-06FF-40DB-927E-9B27579FEB80}.Debug|Any CPU.ActiveCfg = Debug|Any CPU
		{683A6394-06FF-40DB-927E-9B27579FEB80}.Debug|Any CPU.Build.0 = Debug|Any CPU
		{683A6394-06FF-40DB-927E-9B27579FEB80}.Release|Any CPU.ActiveCfg = Release|Any CPU
		{683A6394-06FF-40DB-927E-9B27579FEB80}.Release|Any CPU.Build.0 = Release|Any CPU
		{3ABBFF4F-882D-47C5-83FA-C0ACD2FA306B}.Debug|Any CPU.ActiveCfg = Debug|Any CPU
		{3ABBFF4F-882D-47C5-83FA-C0ACD2FA306B}.Debug|Any CPU.Build.0 = Debug|Any CPU
		{3ABBFF4F-882D-47C5-83FA-C0ACD2FA306B}.Release|Any CPU.ActiveCfg = Release|Any CPU
		{3ABBFF4F-882D-47C5-83FA-C0ACD2FA306B}.Release|Any CPU.Build.0 = Release|Any CPU
		{A8F04100-9908-42C8-AFB7-9B7B74C794E5}.Debug|Any CPU.ActiveCfg = Debug|Any CPU
		{A8F04100-9908-42C8-AFB7-9B7B74C794E5}.Debug|Any CPU.Build.0 = Debug|Any CPU
		{A8F04100-9908-42C8-AFB7-9B7B74C794E5}.Release|Any CPU.ActiveCfg = Release|Any CPU
		{A8F04100-9908-42C8-AFB7-9B7B74C794E5}.Release|Any CPU.Build.0 = Release|Any CPU
		{7A7CC672-5283-4823-925E-317DAEEC6BE8}.Debug|Any CPU.ActiveCfg = Debug|Any CPU
		{7A7CC672-5283-4823-925E-317DAEEC6BE8}.Debug|Any CPU.Build.0 = Debug|Any CPU
		{7A7CC672-5283-4823-925E-317DAEEC6BE8}.Release|Any CPU.ActiveCfg = Release|Any CPU
		{7A7CC672-5283-4823-925E-317DAEEC6BE8}.Release|Any CPU.Build.0 = Release|Any CPU
	EndGlobalSection
	GlobalSection(SolutionProperties) = preSolution
		HideSolutionNode = FALSE
	EndGlobalSection
	GlobalSection(ExtensibilityGlobals) = postSolution
		SolutionGuid = {24540D84-DC1F-433F-802C-FC14FB643283}
	EndGlobalSection
EndGlobal
